// !$*UTF8*$!
{
	archiveVersion = 1;
	classes = {
	};
	objectVersion = 50;
	objects = {

/* Begin PBXBuildFile section */
		DDB1499524DD381B0058DDAA /* AppDelegate.swift in Sources */ = {isa = PBXBuildFile; fileRef = DDB1499424DD381B0058DDAA /* AppDelegate.swift */; };
		DDB1499724DD381B0058DDAA /* SceneDelegate.swift in Sources */ = {isa = PBXBuildFile; fileRef = DDB1499624DD381B0058DDAA /* SceneDelegate.swift */; };
		DDB1499924DD381B0058DDAA /* ContentView.swift in Sources */ = {isa = PBXBuildFile; fileRef = DDB1499824DD381B0058DDAA /* ContentView.swift */; };
		DDB1499B24DD381D0058DDAA /* Assets.xcassets in Resources */ = {isa = PBXBuildFile; fileRef = DDB1499A24DD381D0058DDAA /* Assets.xcassets */; };
		DDB1499E24DD381D0058DDAA /* Preview Assets.xcassets in Resources */ = {isa = PBXBuildFile; fileRef = DDB1499D24DD381D0058DDAA /* Preview Assets.xcassets */; };
		DDB149A124DD381D0058DDAA /* LaunchScreen.storyboard in Resources */ = {isa = PBXBuildFile; fileRef = DDB1499F24DD381D0058DDAA /* LaunchScreen.storyboard */; };
		DDB149A924DD55630058DDAA /* CircleImage.swift in Sources */ = {isa = PBXBuildFile; fileRef = DDB149A824DD55630058DDAA /* CircleImage.swift */; };
		DDB149AB24DD588F0058DDAA /* MapView.swift in Sources */ = {isa = PBXBuildFile; fileRef = DDB149AA24DD588F0058DDAA /* MapView.swift */; };
/* End PBXBuildFile section */

/* Begin PBXFileReference section */
		DDB1499124DD381B0058DDAA /* swiftuiDemo.app */ = {isa = PBXFileReference; explicitFileType = wrapper.application; includeInIndex = 0; path = swiftuiDemo.app; sourceTree = BUILT_PRODUCTS_DIR; };
		DDB1499424DD381B0058DDAA /* AppDelegate.swift */ = {isa = PBXFileReference; lastKnownFileType = sourcecode.swift; path = AppDelegate.swift; sourceTree = "<group>"; };
		DDB1499624DD381B0058DDAA /* SceneDelegate.swift */ = {isa = PBXFileReference; lastKnownFileType = sourcecode.swift; path = SceneDelegate.swift; sourceTree = "<group>"; };
		DDB1499824DD381B0058DDAA /* ContentView.swift */ = {isa = PBXFileReference; lastKnownFileType = sourcecode.swift; path = ContentView.swift; sourceTree = "<group>"; };
		DDB1499A24DD381D0058DDAA /* Assets.xcassets */ = {isa = PBXFileReference; lastKnownFileType = folder.assetcatalog; path = Assets.xcassets; sourceTree = "<group>"; };
		DDB1499D24DD381D0058DDAA /* Preview Assets.xcassets */ = {isa = PBXFileReference; lastKnownFileType = folder.assetcatalog; path = "Preview Assets.xcassets"; sourceTree = "<group>"; };
		DDB149A024DD381D0058DDAA /* Base */ = {isa = PBXFileReference; lastKnownFileType = file.storyboard; name = Base; path = Base.lproj/LaunchScreen.storyboard; sourceTree = "<group>"; };
		DDB149A224DD381D0058DDAA /* Info.plist */ = {isa = PBXFileReference; lastKnownFileType = text.plist.xml; path = Info.plist; sourceTree = "<group>"; };
		DDB149A824DD55630058DDAA /* CircleImage.swift */ = {isa = PBXFileReference; lastKnownFileType = sourcecode.swift; path = CircleImage.swift; sourceTree = "<group>"; };
		DDB149AA24DD588F0058DDAA /* MapView.swift */ = {isa = PBXFileReference; lastKnownFileType = sourcecode.swift; path = MapView.swift; sourceTree = "<group>"; };
/* End PBXFileReference section */

/* Begin PBXFrameworksBuildPhase section */
		DDB1498E24DD381B0058DDAA /* Frameworks */ = {
			isa = PBXFrameworksBuildPhase;
			buildActionMask = 2147483647;
			files = (
			);
			runOnlyForDeploymentPostprocessing = 0;
		};
/* End PBXFrameworksBuildPhase section */

/* Begin PBXGroup section */
		DDB1498824DD381B0058DDAA = {
			isa = PBXGroup;
			children = (
				DDB1499324DD381B0058DDAA /* swiftuiDemo */,
				DDB1499224DD381B0058DDAA /* Products */,
			);
			sourceTree = "<group>";
		};
		DDB1499224DD381B0058DDAA /* Products */ = {
			isa = PBXGroup;
			children = (
				DDB1499124DD381B0058DDAA /* swiftuiDemo.app */,
			);
			name = Products;
			sourceTree = "<group>";
		};
		DDB1499324DD381B0058DDAA /* swiftuiDemo */ = {
			isa = PBXGroup;
			children = (
				DDB1499424DD381B0058DDAA /* AppDelegate.swift */,
				DDB1499624DD381B0058DDAA /* SceneDelegate.swift */,
				DDB1499824DD381B0058DDAA /* ContentView.swift */,
				DDB1499A24DD381D0058DDAA /* Assets.xcassets */,
				DDB1499F24DD381D0058DDAA /* LaunchScreen.storyboard */,
				DDB149A224DD381D0058DDAA /* Info.plist */,
				DDB1499C24DD381D0058DDAA /* Preview Content */,
				DDB149A824DD55630058DDAA /* CircleImage.swift */,
				DDB149AA24DD588F0058DDAA /* MapView.swift */,
			);
			path = swiftuiDemo;
			sourceTree = "<group>";
		};
		DDB1499C24DD381D0058DDAA /* Preview Content */ = {
			isa = PBXGroup;
			children = (
				DDB1499D24DD381D0058DDAA /* Preview Assets.xcassets */,
			);
			path = "Preview Content";
			sourceTree = "<group>";
		};
/* End PBXGroup section */

/* Begin PBXNativeTarget section */
		DDB1499024DD381B0058DDAA /* swiftuiDemo */ = {
			isa = PBXNativeTarget;
			buildConfigurationList = DDB149A524DD381D0058DDAA /* Build configuration list for PBXNativeTarget "swiftuiDemo" */;
			buildPhases = (
				DDB1498D24DD381B0058DDAA /* Sources */,
				DDB1498E24DD381B0058DDAA /* Frameworks */,
				DDB1498F24DD381B0058DDAA /* Resources */,
			);
			buildRules = (
			);
			dependencies = (
			);
			name = swiftuiDemo;
			productName = swiftuiDemo;
			productReference = DDB1499124DD381B0058DDAA /* swiftuiDemo.app */;
			productType = "com.apple.product-type.application";
		};
/* End PBXNativeTarget section */

/* Begin PBXProject section */
		DDB1498924DD381B0058DDAA /* Project object */ = {
			isa = PBXProject;
			attributes = {
				LastSwiftUpdateCheck = 1160;
				LastUpgradeCheck = 1160;
				ORGANIZATIONNAME = "daffolapmac-131";
				TargetAttributes = {
					DDB1499024DD381B0058DDAA = {
						CreatedOnToolsVersion = 11.6;
					};
				};
			};
			buildConfigurationList = DDB1498C24DD381B0058DDAA /* Build configuration list for PBXProject "swiftuiDemo" */;
			compatibilityVersion = "Xcode 9.3";
			developmentRegion = en;
			hasScannedForEncodings = 0;
			knownRegions = (
				en,
				Base,
			);
			mainGroup = DDB1498824DD381B0058DDAA;
			productRefGroup = DDB1499224DD381B0058DDAA /* Products */;
			projectDirPath = "";
			projectRoot = "";
			targets = (
				DDB1499024DD381B0058DDAA /* swiftuiDemo */,
			);
		};
/* End PBXProject section */

/* Begin PBXResourcesBuildPhase section */
		DDB1498F24DD381B0058DDAA /* Resources */ = {
			isa = PBXResourcesBuildPhase;
			buildActionMask = 2147483647;
			files = (
				DDB149A124DD381D0058DDAA /* LaunchScreen.storyboard in Resources */,
				DDB1499E24DD381D0058DDAA /* Preview Assets.xcassets in Resources */,
				DDB1499B24DD381D0058DDAA /* Assets.xcassets in Resources */,
			);
			runOnlyForDeploymentPostprocessing = 0;
		};
/* End PBXResourcesBuildPhase section */

/* Begin PBXSourcesBuildPhase section */
		DDB1498D24DD381B0058DDAA /* Sources */ = {
			isa = PBXSourcesBuildPhase;
			buildActionMask = 2147483647;
			files = (
				DDB1499524DD381B0058DDAA /* AppDelegate.swift in Sources */,
				DDB149A924DD55630058DDAA /* CircleImage.swift in Sources */,
				DDB149AB24DD588F0058DDAA /* MapView.swift in Sources */,
				DDB1499724DD381B0058DDAA /* SceneDelegate.swift in Sources */,
				DDB1499924DD381B0058DDAA /* ContentView.swift in Sources */,
			);
			runOnlyForDeploymentPostprocessing = 0;
		};
/* End PBXSourcesBuildPhase section */

/* Begin PBXVariantGroup section */
		DDB1499F24DD381D0058DDAA /* LaunchScreen.storyboard */ = {
			isa = PBXVariantGroup;
			children = (
				DDB149A024DD381D0058DDAA /* Base */,
			);
			name = LaunchScreen.storyboard;
			sourceTree = "<group>";
		};
/* End PBXVariantGroup section */

/* Begin XCBuildConfiguration section */
		DDB149A324DD381D0058DDAA /* Debug */ = {
			isa = XCBuildConfiguration;
			buildSettings = {
				ALWAYS_SEARCH_USER_PATHS = NO;
				CLANG_ANALYZER_NONNULL = YES;
				CLANG_ANALYZER_NUMBER_OBJECT_CONVERSION = YES_AGGRESSIVE;
				CLANG_CXX_LANGUAGE_STANDARD = "gnu++14";
				CLANG_CXX_LIBRARY = "libc++";
				CLANG_ENABLE_MODULES = YES;
				CLANG_ENABLE_OBJC_ARC = YES;
				CLANG_ENABLE_OBJC_WEAK = YES;
				CLANG_WARN_BLOCK_CAPTURE_AUTORELEASING = YES;
				CLANG_WARN_BOOL_CONVERSION = YES;
				CLANG_WARN_COMMA = YES;
				CLANG_WARN_CONSTANT_CONVERSION = YES;
				CLANG_WARN_DEPRECATED_OBJC_IMPLEMENTATIONS = YES;
				CLANG_WARN_DIRECT_OBJC_ISA_USAGE = YES_ERROR;
				CLANG_WARN_DOCUMENTATION_COMMENTS = YES;
				CLANG_WARN_EMPTY_BODY = YES;
				CLANG_WARN_ENUM_CONVERSION = YES;
				CLANG_WARN_INFINITE_RECURSION = YES;
				CLANG_WARN_INT_CONVERSION = YES;
				CLANG_WARN_NON_LITERAL_NULL_CONVERSION = YES;
				CLANG_WARN_OBJC_IMPLICIT_RETAIN_SELF = YES;
				CLANG_WARN_OBJC_LITERAL_CONVERSION = YES;
				CLANG_WARN_OBJC_ROOT_CLASS = YES_ERROR;
				CLANG_WARN_RANGE_LOOP_ANALYSIS = YES;
				CLANG_WARN_STRICT_PROTOTYPES = YES;
				CLANG_WARN_SUSPICIOUS_MOVE = YES;
				CLANG_WARN_UNGUARDED_AVAILABILITY = YES_AGGRESSIVE;
				CLANG_WARN_UNREACHABLE_CODE = YES;
				CLANG_WARN__DUPLICATE_METHOD_MATCH = YES;
				COPY_PHASE_STRIP = NO;
				DEBUG_INFORMATION_FORMAT = dwarf;
				ENABLE_STRICT_OBJC_MSGSEND = YES;
				ENABLE_TESTABILITY = YES;
				GCC_C_LANGUAGE_STANDARD = gnu11;
				GCC_DYNAMIC_NO_PIC = NO;
				GCC_NO_COMMON_BLOCKS = YES;
				GCC_OPTIMIZATION_LEVEL = 0;
				GCC_PREPROCESSOR_DEFINITIONS = (
					"DEBUG=1",
					"$(inherited)",
				);
				GCC_WARN_64_TO_32_BIT_CONVERSION = YES;
				GCC_WARN_ABOUT_RETURN_TYPE = YES_ERROR;
				GCC_WARN_UNDECLARED_SELECTOR = YES;
				GCC_WARN_UNINITIALIZED_AUTOS = YES_AGGRESSIVE;
				GCC_WARN_UNUSED_FUNCTION = YES;
				GCC_WARN_UNUSED_VARIABLE = YES;
				IPHONEOS_DEPLOYMENT_TARGET = 13.6;
				MTL_ENABLE_DEBUG_INFO = INCLUDE_SOURCE;
				MTL_FAST_MATH = YES;
				ONLY_ACTIVE_ARCH = YES;
				SDKROOT = iphoneos;
				SWIFT_ACTIVE_COMPILATION_CONDITIONS = DEBUG;
				SWIFT_OPTIMIZATION_LEVEL = "-Onone";
			};
			name = Debug;
		};
		DDB149A424DD381D0058DDAA /* Release */ = {
			isa = XCBuildConfiguration;
			buildSettings = {
				ALWAYS_SEARCH_USER_PATHS = NO;
				CLANG_ANALYZER_NONNULL = YES;
				CLANG_ANALYZER_NUMBER_OBJECT_CONVERSION = YES_AGGRESSIVE;
				CLANG_CXX_LANGUAGE_STANDARD = "gnu++14";
				CLANG_CXX_LIBRARY = "libc++";
				CLANG_ENABLE_MODULES = YES;
				CLANG_ENABLE_OBJC_ARC = YES;
				CLANG_ENABLE_OBJC_WEAK = YES;
				CLANG_WARN_BLOCK_CAPTURE_AUTORELEASING = YES;
				CLANG_WARN_BOOL_CONVERSION = YES;
				CLANG_WARN_COMMA = YES;
				CLANG_WARN_CONSTANT_CONVERSION = YES;
				CLANG_WARN_DEPRECATED_OBJC_IMPLEMENTATIONS = YES;
				CLANG_WARN_DIRECT_OBJC_ISA_USAGE = YES_ERROR;
				CLANG_WARN_DOCUMENTATION_COMMENTS = YES;
				CLANG_WARN_EMPTY_BODY = YES;
				CLANG_WARN_ENUM_CONVERSION = YES;
				CLANG_WARN_INFINITE_RECURSION = YES;
				CLANG_WARN_INT_CONVERSION = YES;
				CLANG_WARN_NON_LITERAL_NULL_CONVERSION = YES;
				CLANG_WARN_OBJC_IMPLICIT_RETAIN_SELF = YES;
				CLANG_WARN_OBJC_LITERAL_CONVERSION = YES;
				CLANG_WARN_OBJC_ROOT_CLASS = YES_ERROR;
				CLANG_WARN_RANGE_LOOP_ANALYSIS = YES;
				CLANG_WARN_STRICT_PROTOTYPES = YES;
				CLANG_WARN_SUSPICIOUS_MOVE = YES;
				CLANG_WARN_UNGUARDED_AVAILABILITY = YES_AGGRESSIVE;
				CLANG_WARN_UNREACHABLE_CODE = YES;
				CLANG_WARN__DUPLICATE_METHOD_MATCH = YES;
				COPY_PHASE_STRIP = NO;
				DEBUG_INFORMATION_FORMAT = "dwarf-with-dsym";
				ENABLE_NS_ASSERTIONS = NO;
				ENABLE_STRICT_OBJC_MSGSEND = YES;
				GCC_C_LANGUAGE_STANDARD = gnu11;
				GCC_NO_COMMON_BLOCKS = YES;
				GCC_WARN_64_TO_32_BIT_CONVERSION = YES;
				GCC_WARN_ABOUT_RETURN_TYPE = YES_ERROR;
				GCC_WARN_UNDECLARED_SELECTOR = YES;
				GCC_WARN_UNINITIALIZED_AUTOS = YES_AGGRESSIVE;
				GCC_WARN_UNUSED_FUNCTION = YES;
				GCC_WARN_UNUSED_VARIABLE = YES;
				IPHONEOS_DEPLOYMENT_TARGET = 13.6;
				MTL_ENABLE_DEBUG_INFO = NO;
				MTL_FAST_MATH = YES;
				SDKROOT = iphoneos;
				SWIFT_COMPILATION_MODE = wholemodule;
				SWIFT_OPTIMIZATION_LEVEL = "-O";
				VALIDATE_PRODUCT = YES;
			};
			name = Release;
		};
		DDB149A624DD381D0058DDAA /* Debug */ = {
			isa = XCBuildConfiguration;
			buildSettings = {
				ASSETCATALOG_COMPILER_APPICON_NAME = AppIcon;
				CODE_SIGN_STYLE = Automatic;
				DEVELOPMENT_ASSET_PATHS = "\"swiftuiDemo/Preview Content\"";
				ENABLE_PREVIEWS = YES;
				INFOPLIST_FILE = swiftuiDemo/Info.plist;
				LD_RUNPATH_SEARCH_PATHS = (
					"$(inherited)",
					"@executable_path/Frameworks",
				);
				PRODUCT_BUNDLE_IDENTIFIER = khan.swiftuiDemo;
				PRODUCT_NAME = "$(TARGET_NAME)";
				SWIFT_VERSION = 5.0;
				TARGETED_DEVICE_FAMILY = "1,2";
			};
			name = Debug;
		};
		DDB149A724DD381D0058DDAA /* Release */ = {
			isa = XCBuildConfiguration;
			buildSettings = {
				ASSETCATALOG_COMPILER_APPICON_NAME = AppIcon;
				CODE_SIGN_STYLE = Automatic;
				DEVELOPMENT_ASSET_PATHS = "\"swiftuiDemo/Preview Content\"";
				ENABLE_PREVIEWS = YES;
				INFOPLIST_FILE = swiftuiDemo/Info.plist;
				LD_RUNPATH_SEARCH_PATHS = (
					"$(inherited)",
					"@executable_path/Frameworks",
				);
				PRODUCT_BUNDLE_IDENTIFIER = khan.swiftuiDemo;
				PRODUCT_NAME = "$(TARGET_NAME)";
				SWIFT_VERSION = 5.0;
				TARGETED_DEVICE_FAMILY = "1,2";
			};
			name = Release;
		};
/* End XCBuildConfiguration section */

/* Begin XCConfigurationList section */
		DDB1498C24DD381B0058DDAA /* Build configuration list for PBXProject "swiftuiDemo" */ = {
			isa = XCConfigurationList;
			buildConfigurations = (
				DDB149A324DD381D0058DDAA /* Debug */,
				DDB149A424DD381D0058DDAA /* Release */,
			);
			defaultConfigurationIsVisible = 0;
			defaultConfigurationName = Release;
		};
		DDB149A524DD381D0058DDAA /* Build configuration list for PBXNativeTarget "swiftuiDemo" */ = {
			isa = XCConfigurationList;
			buildConfigurations = (
				DDB149A624DD381D0058DDAA /* Debug */,
				DDB149A724DD381D0058DDAA /* Release */,
			);
			defaultConfigurationIsVisible = 0;
			defaultConfigurationName = Release;
		};
/* End XCConfigurationList section */
	};
	rootObject = DDB1498924DD381B0058DDAA /* Project object */;
}
